
Microsoft Visual Studio Solution File, Format Version 12.00
# Visual Studio 15
VisualStudioVersion = 15.0.27703.2042
MinimumVisualStudioVersion = 10.0.40219.1
Project("{FAE04EC0-301F-11D3-BF4B-00C04F79EFBC}") = "testforLukoil", "testforLukoil\testforLukoil.csproj", "{DBD1FE09-B551-4C5C-A56C-26A11B1D9C02}"
EndProject
Global
	GlobalSection(SolutionConfigurationPlatforms) = preSolution
		Debug|Any CPU = Debug|Any CPU
		Release|Any CPU = Release|Any CPU
	EndGlobalSection
	GlobalSection(ProjectConfigurationPlatforms) = postSolution
		{DBD1FE09-B551-4C5C-A56C-26A11B1D9C02}.Debug|Any CPU.ActiveCfg = Debug|Any CPU
		{DBD1FE09-B551-4C5C-A56C-26A11B1D9C02}.Debug|Any CPU.Build.0 = Debug|Any CPU
		{DBD1FE09-B551-4C5C-A56C-26A11B1D9C02}.Release|Any CPU.ActiveCfg = Release|Any CPU
		{DBD1FE09-B551-4C5C-A56C-26A11B1D9C02}.Release|Any CPU.Build.0 = Release|Any CPU
	EndGlobalSection
	GlobalSection(SolutionProperties) = preSolution
		HideSolutionNode = FALSE
	EndGlobalSection
	GlobalSection(ExtensibilityGlobals) = postSolution
		SolutionGuid = {F1638442-1339-426D-A002-55B647171DB3}
	EndGlobalSection
EndGlobal
